
Microsoft Visual Studio Solution File, Format Version 12.00
# Visual Studio Version 17
VisualStudioVersion = 17.0.31903.59
MinimumVisualStudioVersion = 10.0.40219.1
Project("{FAE04EC0-301F-11D3-BF4B-00C04F79EFBC}") = "ConsignmentGenie.API", "ConsignmentGenie.API\ConsignmentGenie.API.csproj", "{24B38D6F-121E-4F45-9365-2069F1AC3FDA}"
EndProject
Project("{FAE04EC0-301F-11D3-BF4B-00C04F79EFBC}") = "ConsignmentGenie.Core", "ConsignmentGenie.Core\ConsignmentGenie.Core.csproj", "{2CC6389C-B9E2-48C5-8F68-0A5886955DB8}"
EndProject
Project("{FAE04EC0-301F-11D3-BF4B-00C04F79EFBC}") = "ConsignmentGenie.Infrastructure", "ConsignmentGenie.Infrastructure\ConsignmentGenie.Infrastructure.csproj", "{968622D7-08CD-4144-B0E5-1F9A338C8748}"
EndProject
Project("{FAE04EC0-301F-11D3-BF4B-00C04F79EFBC}") = "ConsignmentGenie.Application", "ConsignmentGenie.Application\ConsignmentGenie.Application.csproj", "{62E3017C-30E4-426F-857B-F890265F13A9}"
EndProject
Project("{FAE04EC0-301F-11D3-BF4B-00C04F79EFBC}") = "ConsignmentGenie.Tests", "ConsignmentGenie.Tests\ConsignmentGenie.Tests.csproj", "{36625ACC-BEBD-487C-B13F-7A24DB808494}"
EndProject
Global
	GlobalSection(SolutionConfigurationPlatforms) = preSolution
		Debug|Any CPU = Debug|Any CPU
		Release|Any CPU = Release|Any CPU
	EndGlobalSection
	GlobalSection(SolutionProperties) = preSolution
		HideSolutionNode = FALSE
	EndGlobalSection
	GlobalSection(ProjectConfigurationPlatforms) = postSolution
		{24B38D6F-121E-4F45-9365-2069F1AC3FDA}.Debug|Any CPU.ActiveCfg = Debug|Any CPU
		{24B38D6F-121E-4F45-9365-2069F1AC3FDA}.Debug|Any CPU.Build.0 = Debug|Any CPU
		{24B38D6F-121E-4F45-9365-2069F1AC3FDA}.Release|Any CPU.ActiveCfg = Release|Any CPU
		{24B38D6F-121E-4F45-9365-2069F1AC3FDA}.Release|Any CPU.Build.0 = Release|Any CPU
		{2CC6389C-B9E2-48C5-8F68-0A5886955DB8}.Debug|Any CPU.ActiveCfg = Debug|Any CPU
		{2CC6389C-B9E2-48C5-8F68-0A5886955DB8}.Debug|Any CPU.Build.0 = Debug|Any CPU
		{2CC6389C-B9E2-48C5-8F68-0A5886955DB8}.Release|Any CPU.ActiveCfg = Release|Any CPU
		{2CC6389C-B9E2-48C5-8F68-0A5886955DB8}.Release|Any CPU.Build.0 = Release|Any CPU
		{968622D7-08CD-4144-B0E5-1F9A338C8748}.Debug|Any CPU.ActiveCfg = Debug|Any CPU
		{968622D7-08CD-4144-B0E5-1F9A338C8748}.Debug|Any CPU.Build.0 = Debug|Any CPU
		{968622D7-08CD-4144-B0E5-1F9A338C8748}.Release|Any CPU.ActiveCfg = Release|Any CPU
		{968622D7-08CD-4144-B0E5-1F9A338C8748}.Release|Any CPU.Build.0 = Release|Any CPU
		{62E3017C-30E4-426F-857B-F890265F13A9}.Debug|Any CPU.ActiveCfg = Debug|Any CPU
		{62E3017C-30E4-426F-857B-F890265F13A9}.Debug|Any CPU.Build.0 = Debug|Any CPU
		{62E3017C-30E4-426F-857B-F890265F13A9}.Release|Any CPU.ActiveCfg = Release|Any CPU
		{62E3017C-30E4-426F-857B-F890265F13A9}.Release|Any CPU.Build.0 = Release|Any CPU
		{36625ACC-BEBD-487C-B13F-7A24DB808494}.Debug|Any CPU.ActiveCfg = Debug|Any CPU
		{36625ACC-BEBD-487C-B13F-7A24DB808494}.Debug|Any CPU.Build.0 = Debug|Any CPU
		{36625ACC-BEBD-487C-B13F-7A24DB808494}.Release|Any CPU.ActiveCfg = Release|Any CPU
		{36625ACC-BEBD-487C-B13F-7A24DB808494}.Release|Any CPU.Build.0 = Release|Any CPU
	EndGlobalSection
EndGlobal
